
Microsoft Visual Studio Solution File, Format Version 12.00
# Visual Studio Version 16
Project("{2150E333-8FDC-42A3-9474-1A3956D46DE8}") = "Services", "Services", "{5D637C1B-B63B-4DE9-BD49-427B551669DC}"
EndProject
Project("{2150E333-8FDC-42A3-9474-1A3956D46DE8}") = "WebApps", "WebApps", "{F3089679-17F4-442F-86CE-00B4CBDEE7D8}"
EndProject
Project("{2150E333-8FDC-42A3-9474-1A3956D46DE8}") = "Cadastros", "Cadastros", "{73B42E30-2DF2-4854-9460-534DF5E352FF}"
EndProject
Project("{2150E333-8FDC-42A3-9474-1A3956D46DE8}") = "Catalogo", "Catalogo", "{CE82945A-C6A6-420F-9C9D-5653BABF7A45}"
EndProject
Project("{2150E333-8FDC-42A3-9474-1A3956D46DE8}") = "Core", "Core", "{2ABC1969-B7CC-4827-A404-F267B01D63F5}"
EndProject
Project("{2150E333-8FDC-42A3-9474-1A3956D46DE8}") = "Fiscal", "Fiscal", "{490E9EA8-5337-4E0E-A8FA-BB5CAAE42888}"
EndProject
Project("{2150E333-8FDC-42A3-9474-1A3956D46DE8}") = "Pagamentos", "Pagamentos", "{B3686261-ACF4-4E00-B787-B1FA194C256C}"
EndProject
Project("{2150E333-8FDC-42A3-9474-1A3956D46DE8}") = "Vendas", "Vendas", "{2608480B-5D77-4157-89B2-214F5E00444B}"
EndProject
Project("{FAE04EC0-301F-11D3-BF4B-00C04F79EFBC}") = "NerdStore.Catalogo.Domain", "src\NerdStore.Catalogo.Domain\NerdStore.Catalogo.Domain.csproj", "{55BE9A5E-6D49-43B5-B734-773676B8FEE1}"
EndProject
Project("{FAE04EC0-301F-11D3-BF4B-00C04F79EFBC}") = "NerdStore.Core", "src\NerdStore.Core\NerdStore.Core.csproj", "{4951D8C0-2824-42B1-BDCA-A04AC93AA443}"
EndProject
Project("{2150E333-8FDC-42A3-9474-1A3956D46DE8}") = "Tests", "Tests", "{C6CF486A-A28E-47E2-AFEA-A4A2CA327AD4}"
EndProject
Project("{FAE04EC0-301F-11D3-BF4B-00C04F79EFBC}") = "NerdStore.Catalogo.Domain.Tests", "tests\NerdStore.Catalogo.Domain.Tests\NerdStore.Catalogo.Domain.Tests.csproj", "{F738325A-AA7D-4D78-82D8-BAD796A73336}"
EndProject
Project("{FAE04EC0-301F-11D3-BF4B-00C04F79EFBC}") = "NerdStore.Catalogo.Data", "src\NerdStore.Catalogo.Data\NerdStore.Catalogo.Data.csproj", "{C8317480-7639-4C9B-9D61-F95134F3DC57}"
EndProject
Project("{FAE04EC0-301F-11D3-BF4B-00C04F79EFBC}") = "NerdStore.Catalogo.Application", "src\NerdStore.Catalogo.Application\NerdStore.Catalogo.Application.csproj", "{81DCD45B-23E1-43CB-92EB-B02E6370E33B}"
EndProject
Project("{FAE04EC0-301F-11D3-BF4B-00C04F79EFBC}") = "NerdStore.WebApp.MVC", "src\NerdStore.WebApp.MVC\NerdStore.WebApp.MVC.csproj", "{263D67CC-8EB5-4864-B23F-3252132E3E2D}"
EndProject
Project("{FAE04EC0-301F-11D3-BF4B-00C04F79EFBC}") = "NerdStore.Vendas.Domain", "src\NerdStore.Vendas.Domain\NerdStore.Vendas.Domain.csproj", "{B8CD5058-BE04-4AA0-81CD-124ABFA902CC}"
EndProject
Project("{FAE04EC0-301F-11D3-BF4B-00C04F79EFBC}") = "NerdStore.Vendas.Data", "src\NerdStore.Vendas.Data\NerdStore.Vendas.Data.csproj", "{BFAAF537-B871-4962-AE00-6820AD97BC90}"
EndProject
Project("{FAE04EC0-301F-11D3-BF4B-00C04F79EFBC}") = "NerdStore.Vendas.Application", "src\NerdStore.Vendas.Application\NerdStore.Vendas.Application.csproj", "{B3170A1A-B15C-4C29-B8D8-8EB4DB4D0FB9}"
EndProject
Project("{FAE04EC0-301F-11D3-BF4B-00C04F79EFBC}") = "NerdStore.Pagamentos.Business", "src\NerdStore.Pagamentos.Business\NerdStore.Pagamentos.Business.csproj", "{890B4FAB-67CD-4F22-BDEB-F8BBC8E98AC6}"
EndProject
Project("{FAE04EC0-301F-11D3-BF4B-00C04F79EFBC}") = "NerdStore.Pagamentos.AntiCorruption", "src\NerdStore.Pagamentos.AntiCorruption\NerdStore.Pagamentos.AntiCorruption.csproj", "{9C3DEA8D-D5F5-4E3C-BE27-6CEFBB49E771}"
EndProject
Project("{FAE04EC0-301F-11D3-BF4B-00C04F79EFBC}") = "NerdStore.Pagamentos.Data", "src\NerdStore.Pagamentos.Data\NerdStore.Pagamentos.Data.csproj", "{F6C797FA-3379-4C32-AA40-DBA139914ED4}"
EndProject
Global
	GlobalSection(SolutionConfigurationPlatforms) = preSolution
		Debug|Any CPU = Debug|Any CPU
		Release|Any CPU = Release|Any CPU
	EndGlobalSection
	GlobalSection(NestedProjects) = preSolution
		{73B42E30-2DF2-4854-9460-534DF5E352FF} = {5D637C1B-B63B-4DE9-BD49-427B551669DC}
		{CE82945A-C6A6-420F-9C9D-5653BABF7A45} = {5D637C1B-B63B-4DE9-BD49-427B551669DC}
		{2ABC1969-B7CC-4827-A404-F267B01D63F5} = {5D637C1B-B63B-4DE9-BD49-427B551669DC}
		{490E9EA8-5337-4E0E-A8FA-BB5CAAE42888} = {5D637C1B-B63B-4DE9-BD49-427B551669DC}
		{B3686261-ACF4-4E00-B787-B1FA194C256C} = {5D637C1B-B63B-4DE9-BD49-427B551669DC}
		{2608480B-5D77-4157-89B2-214F5E00444B} = {5D637C1B-B63B-4DE9-BD49-427B551669DC}
		{55BE9A5E-6D49-43B5-B734-773676B8FEE1} = {CE82945A-C6A6-420F-9C9D-5653BABF7A45}
		{4951D8C0-2824-42B1-BDCA-A04AC93AA443} = {2ABC1969-B7CC-4827-A404-F267B01D63F5}
		{C6CF486A-A28E-47E2-AFEA-A4A2CA327AD4} = {CE82945A-C6A6-420F-9C9D-5653BABF7A45}
		{F738325A-AA7D-4D78-82D8-BAD796A73336} = {C6CF486A-A28E-47E2-AFEA-A4A2CA327AD4}
		{C8317480-7639-4C9B-9D61-F95134F3DC57} = {CE82945A-C6A6-420F-9C9D-5653BABF7A45}
		{81DCD45B-23E1-43CB-92EB-B02E6370E33B} = {CE82945A-C6A6-420F-9C9D-5653BABF7A45}
		{263D67CC-8EB5-4864-B23F-3252132E3E2D} = {F3089679-17F4-442F-86CE-00B4CBDEE7D8}
		{B8CD5058-BE04-4AA0-81CD-124ABFA902CC} = {2608480B-5D77-4157-89B2-214F5E00444B}
		{BFAAF537-B871-4962-AE00-6820AD97BC90} = {2608480B-5D77-4157-89B2-214F5E00444B}
		{B3170A1A-B15C-4C29-B8D8-8EB4DB4D0FB9} = {2608480B-5D77-4157-89B2-214F5E00444B}
		{890B4FAB-67CD-4F22-BDEB-F8BBC8E98AC6} = {B3686261-ACF4-4E00-B787-B1FA194C256C}
		{9C3DEA8D-D5F5-4E3C-BE27-6CEFBB49E771} = {B3686261-ACF4-4E00-B787-B1FA194C256C}
		{F6C797FA-3379-4C32-AA40-DBA139914ED4} = {B3686261-ACF4-4E00-B787-B1FA194C256C}
	EndGlobalSection
	GlobalSection(ProjectConfigurationPlatforms) = postSolution
		{55BE9A5E-6D49-43B5-B734-773676B8FEE1}.Debug|Any CPU.ActiveCfg = Debug|Any CPU
		{55BE9A5E-6D49-43B5-B734-773676B8FEE1}.Debug|Any CPU.Build.0 = Debug|Any CPU
		{55BE9A5E-6D49-43B5-B734-773676B8FEE1}.Release|Any CPU.ActiveCfg = Release|Any CPU
		{55BE9A5E-6D49-43B5-B734-773676B8FEE1}.Release|Any CPU.Build.0 = Release|Any CPU
		{4951D8C0-2824-42B1-BDCA-A04AC93AA443}.Debug|Any CPU.ActiveCfg = Debug|Any CPU
		{4951D8C0-2824-42B1-BDCA-A04AC93AA443}.Debug|Any CPU.Build.0 = Debug|Any CPU
		{4951D8C0-2824-42B1-BDCA-A04AC93AA443}.Release|Any CPU.ActiveCfg = Release|Any CPU
		{4951D8C0-2824-42B1-BDCA-A04AC93AA443}.Release|Any CPU.Build.0 = Release|Any CPU
		{F738325A-AA7D-4D78-82D8-BAD796A73336}.Debug|Any CPU.ActiveCfg = Debug|Any CPU
		{F738325A-AA7D-4D78-82D8-BAD796A73336}.Debug|Any CPU.Build.0 = Debug|Any CPU
		{F738325A-AA7D-4D78-82D8-BAD796A73336}.Release|Any CPU.ActiveCfg = Release|Any CPU
		{F738325A-AA7D-4D78-82D8-BAD796A73336}.Release|Any CPU.Build.0 = Release|Any CPU
		{C8317480-7639-4C9B-9D61-F95134F3DC57}.Debug|Any CPU.ActiveCfg = Debug|Any CPU
		{C8317480-7639-4C9B-9D61-F95134F3DC57}.Debug|Any CPU.Build.0 = Debug|Any CPU
		{C8317480-7639-4C9B-9D61-F95134F3DC57}.Release|Any CPU.ActiveCfg = Release|Any CPU
		{C8317480-7639-4C9B-9D61-F95134F3DC57}.Release|Any CPU.Build.0 = Release|Any CPU
		{81DCD45B-23E1-43CB-92EB-B02E6370E33B}.Debug|Any CPU.ActiveCfg = Debug|Any CPU
		{81DCD45B-23E1-43CB-92EB-B02E6370E33B}.Debug|Any CPU.Build.0 = Debug|Any CPU
		{81DCD45B-23E1-43CB-92EB-B02E6370E33B}.Release|Any CPU.ActiveCfg = Release|Any CPU
		{81DCD45B-23E1-43CB-92EB-B02E6370E33B}.Release|Any CPU.Build.0 = Release|Any CPU
		{263D67CC-8EB5-4864-B23F-3252132E3E2D}.Debug|Any CPU.ActiveCfg = Debug|Any CPU
		{263D67CC-8EB5-4864-B23F-3252132E3E2D}.Debug|Any CPU.Build.0 = Debug|Any CPU
		{263D67CC-8EB5-4864-B23F-3252132E3E2D}.Release|Any CPU.ActiveCfg = Release|Any CPU
		{263D67CC-8EB5-4864-B23F-3252132E3E2D}.Release|Any CPU.Build.0 = Release|Any CPU
		{B8CD5058-BE04-4AA0-81CD-124ABFA902CC}.Debug|Any CPU.ActiveCfg = Debug|Any CPU
		{B8CD5058-BE04-4AA0-81CD-124ABFA902CC}.Debug|Any CPU.Build.0 = Debug|Any CPU
		{B8CD5058-BE04-4AA0-81CD-124ABFA902CC}.Release|Any CPU.ActiveCfg = Release|Any CPU
		{B8CD5058-BE04-4AA0-81CD-124ABFA902CC}.Release|Any CPU.Build.0 = Release|Any CPU
		{BFAAF537-B871-4962-AE00-6820AD97BC90}.Debug|Any CPU.ActiveCfg = Debug|Any CPU
		{BFAAF537-B871-4962-AE00-6820AD97BC90}.Debug|Any CPU.Build.0 = Debug|Any CPU
		{BFAAF537-B871-4962-AE00-6820AD97BC90}.Release|Any CPU.ActiveCfg = Release|Any CPU
		{BFAAF537-B871-4962-AE00-6820AD97BC90}.Release|Any CPU.Build.0 = Release|Any CPU
		{B3170A1A-B15C-4C29-B8D8-8EB4DB4D0FB9}.Debug|Any CPU.ActiveCfg = Debug|Any CPU
		{B3170A1A-B15C-4C29-B8D8-8EB4DB4D0FB9}.Debug|Any CPU.Build.0 = Debug|Any CPU
		{B3170A1A-B15C-4C29-B8D8-8EB4DB4D0FB9}.Release|Any CPU.ActiveCfg = Release|Any CPU
		{B3170A1A-B15C-4C29-B8D8-8EB4DB4D0FB9}.Release|Any CPU.Build.0 = Release|Any CPU
		{890B4FAB-67CD-4F22-BDEB-F8BBC8E98AC6}.Debug|Any CPU.ActiveCfg = Debug|Any CPU
		{890B4FAB-67CD-4F22-BDEB-F8BBC8E98AC6}.Debug|Any CPU.Build.0 = Debug|Any CPU
		{890B4FAB-67CD-4F22-BDEB-F8BBC8E98AC6}.Release|Any CPU.ActiveCfg = Release|Any CPU
		{890B4FAB-67CD-4F22-BDEB-F8BBC8E98AC6}.Release|Any CPU.Build.0 = Release|Any CPU
		{9C3DEA8D-D5F5-4E3C-BE27-6CEFBB49E771}.Debug|Any CPU.ActiveCfg = Debug|Any CPU
		{9C3DEA8D-D5F5-4E3C-BE27-6CEFBB49E771}.Debug|Any CPU.Build.0 = Debug|Any CPU
		{9C3DEA8D-D5F5-4E3C-BE27-6CEFBB49E771}.Release|Any CPU.ActiveCfg = Release|Any CPU
		{9C3DEA8D-D5F5-4E3C-BE27-6CEFBB49E771}.Release|Any CPU.Build.0 = Release|Any CPU
		{F6C797FA-3379-4C32-AA40-DBA139914ED4}.Debug|Any CPU.ActiveCfg = Debug|Any CPU
		{F6C797FA-3379-4C32-AA40-DBA139914ED4}.Debug|Any CPU.Build.0 = Debug|Any CPU
		{F6C797FA-3379-4C32-AA40-DBA139914ED4}.Release|Any CPU.ActiveCfg = Release|Any CPU
		{F6C797FA-3379-4C32-AA40-DBA139914ED4}.Release|Any CPU.Build.0 = Release|Any CPU
	EndGlobalSection
EndGlobal
